
Microsoft Visual Studio Solution File, Format Version 12.00
# Visual Studio Version 16
VisualStudioVersion = 16.0.32510.428
MinimumVisualStudioVersion = 10.0.40219.1
Project("{FAE04EC0-301F-11D3-BF4B-00C04F79EFBC}") = "The Calculator", "PatternDesignerLab\The Calculator\The Calculator.csproj", "{3C1B028D-B9E8-47DB-B742-C3A24C76798B}"
EndProject
Project("{9A19103F-16F7-4668-BE54-9A1E7A4F7556}") = "The Computer", "PatternDesignerLab\The Computer\The Computer.csproj", "{8AF4B45C-2E49-4380-AAE7-F5B00BDFC4A9}"
EndProject
Project("{FAE04EC0-301F-11D3-BF4B-00C04F79EFBC}") = "LogisticsSystem", "PatternDesignerLab\LogisticsSystem\LogisticsSystem.csproj", "{4CB41FF3-4D16-4644-AEDF-5DE2307F38EA}"
EndProject
Project("{9A19103F-16F7-4668-BE54-9A1E7A4F7556}") = "跨平台视频播放器", "PatternDesignerLab\跨平台视频播放器\跨平台视频播放器.csproj", "{C27ABA1B-EFC6-42FB-8CA0-8C77F6470B20}"
EndProject
Project("{9A19103F-16F7-4668-BE54-9A1E7A4F7556}") = "描述王子", "PatternDesignerLab\描述王子\描述王子.csproj", "{1422BD1F-3106-49C3-9965-FFB0DE97EF18}"
EndProject
Project("{FAE04EC0-301F-11D3-BF4B-00C04F79EFBC}") = "The Web", "PatternDesignerLab\The Web\The Web.csproj", "{87439A16-FD93-494D-A24C-2D2B6F0B4F88}"
EndProject
Project("{9A19103F-16F7-4668-BE54-9A1E7A4F7556}") = "Composite Pattern", "PatternDesignerLab\Composite Pattern\Composite Pattern.csproj", "{874D173B-1C66-4CC9-9C6F-5010F8677392}"
EndProject
Project("{9A19103F-16F7-4668-BE54-9A1E7A4F7556}") = "FlyWeight_Pattern", "PatternDesignerLab\FlyWeight_Pattern\FlyWeight_Pattern.csproj", "{4DA73503-98F4-47B5-AB17-60B38AE2DA38}"
EndProject
Project("{9A19103F-16F7-4668-BE54-9A1E7A4F7556}") = "Chain of Responsibility Pattern", "PatternDesignerLab\Chain of Responsibility Pattern\Chain of Responsibility Pattern.csproj", "{303F3917-D8A7-4084-8F8D-F58B9B379A99}"
EndProject
Project("{9A19103F-16F7-4668-BE54-9A1E7A4F7556}") = "Command_Iterator_Factory_Pattern", "PatternDesignerLab\Command_Iterator_Factory_Pattern\Command_Iterator_Factory_Pattern.csproj", "{54115562-E72E-4CEC-961B-DA43EE3186BC}"
EndProject
Project("{9A19103F-16F7-4668-BE54-9A1E7A4F7556}") = "Mediator_Pattern", "PatternDesignerLab\Mediator_Pattern\Mediator_Pattern.csproj", "{7AED5A38-51DC-43D6-B460-589F3FA2A999}"
EndProject
Project("{9A19103F-16F7-4668-BE54-9A1E7A4F7556}") = "Command_Pattern", "PatternDesignerLab\Command_Pattern\Command_Pattern.csproj", "{F75923DE-8223-4056-A2FA-E8D8B7DB6C10}"
EndProject
Project("{9A19103F-16F7-4668-BE54-9A1E7A4F7556}") = "Observer_Pattern", "PatternDesignerLab\Observer_Pattern\Observer_Pattern.csproj", "{4E191DAB-AF22-4BA2-B991-F14DA5745814}"
EndProject
Project("{9A19103F-16F7-4668-BE54-9A1E7A4F7556}") = "State_Pattern", "PatternDesignerLab\State_Pattern\State_Pattern.csproj", "{34915602-55F6-4514-8063-BA40B728E9F5}"
EndProject
Project("{9A19103F-16F7-4668-BE54-9A1E7A4F7556}") = "网上书店", "PatternDesignerLab\网上书店\网上书店.csproj", "{6D8B1783-C7C5-4F20-BE0E-10273AC67276}"
EndProject
Project("{9A19103F-16F7-4668-BE54-9A1E7A4F7556}") = "Lab5_1", "PatternDesignerLab\Lab5_1\Lab5_1.csproj", "{A634C08A-6E8F-4332-971F-E5C3FBF8FB36}"
EndProject
Project("{9A19103F-16F7-4668-BE54-9A1E7A4F7556}") = "Lab5_2", "PatternDesignerLab\Lab5_2\Lab5_2.csproj", "{94541CD7-8E8B-42F4-915A-5F240306356F}"
EndProject
Project("{9A19103F-16F7-4668-BE54-9A1E7A4F7556}") = "Lab5_3", "PatternDesignerLab\Lab5_3\Lab5_3.csproj", "{935A12C8-E3F1-463A-AEDD-73022319A600}"
EndProject
Project("{FAE04EC0-301F-11D3-BF4B-00C04F79EFBC}") = "Lab5_4", "Lab5_4\Lab5_4.csproj", "{1A1C7A71-2BBC-4303-A9F4-601C36905EC2}"
EndProject
Global
	GlobalSection(SolutionConfigurationPlatforms) = preSolution
		Debug|Any CPU = Debug|Any CPU
		Release|Any CPU = Release|Any CPU
	EndGlobalSection
	GlobalSection(ProjectConfigurationPlatforms) = postSolution
		{3C1B028D-B9E8-47DB-B742-C3A24C76798B}.Debug|Any CPU.ActiveCfg = Debug|Any CPU
		{3C1B028D-B9E8-47DB-B742-C3A24C76798B}.Debug|Any CPU.Build.0 = Debug|Any CPU
		{3C1B028D-B9E8-47DB-B742-C3A24C76798B}.Release|Any CPU.ActiveCfg = Release|Any CPU
		{3C1B028D-B9E8-47DB-B742-C3A24C76798B}.Release|Any CPU.Build.0 = Release|Any CPU
		{8AF4B45C-2E49-4380-AAE7-F5B00BDFC4A9}.Debug|Any CPU.ActiveCfg = Debug|Any CPU
		{8AF4B45C-2E49-4380-AAE7-F5B00BDFC4A9}.Debug|Any CPU.Build.0 = Debug|Any CPU
		{8AF4B45C-2E49-4380-AAE7-F5B00BDFC4A9}.Release|Any CPU.ActiveCfg = Release|Any CPU
		{8AF4B45C-2E49-4380-AAE7-F5B00BDFC4A9}.Release|Any CPU.Build.0 = Release|Any CPU
		{4CB41FF3-4D16-4644-AEDF-5DE2307F38EA}.Debug|Any CPU.ActiveCfg = Debug|Any CPU
		{4CB41FF3-4D16-4644-AEDF-5DE2307F38EA}.Debug|Any CPU.Build.0 = Debug|Any CPU
		{4CB41FF3-4D16-4644-AEDF-5DE2307F38EA}.Release|Any CPU.ActiveCfg = Release|Any CPU
		{4CB41FF3-4D16-4644-AEDF-5DE2307F38EA}.Release|Any CPU.Build.0 = Release|Any CPU
		{C27ABA1B-EFC6-42FB-8CA0-8C77F6470B20}.Debug|Any CPU.ActiveCfg = Debug|Any CPU
		{C27ABA1B-EFC6-42FB-8CA0-8C77F6470B20}.Debug|Any CPU.Build.0 = Debug|Any CPU
		{C27ABA1B-EFC6-42FB-8CA0-8C77F6470B20}.Release|Any CPU.ActiveCfg = Release|Any CPU
		{C27ABA1B-EFC6-42FB-8CA0-8C77F6470B20}.Release|Any CPU.Build.0 = Release|Any CPU
		{1422BD1F-3106-49C3-9965-FFB0DE97EF18}.Debug|Any CPU.ActiveCfg = Debug|Any CPU
		{1422BD1F-3106-49C3-9965-FFB0DE97EF18}.Debug|Any CPU.Build.0 = Debug|Any CPU
		{1422BD1F-3106-49C3-9965-FFB0DE97EF18}.Release|Any CPU.ActiveCfg = Release|Any CPU
		{1422BD1F-3106-49C3-9965-FFB0DE97EF18}.Release|Any CPU.Build.0 = Release|Any CPU
		{87439A16-FD93-494D-A24C-2D2B6F0B4F88}.Debug|Any CPU.ActiveCfg = Debug|Any CPU
		{87439A16-FD93-494D-A24C-2D2B6F0B4F88}.Debug|Any CPU.Build.0 = Debug|Any CPU
		{87439A16-FD93-494D-A24C-2D2B6F0B4F88}.Release|Any CPU.ActiveCfg = Release|Any CPU
		{87439A16-FD93-494D-A24C-2D2B6F0B4F88}.Release|Any CPU.Build.0 = Release|Any CPU
		{874D173B-1C66-4CC9-9C6F-5010F8677392}.Debug|Any CPU.ActiveCfg = Debug|Any CPU
		{874D173B-1C66-4CC9-9C6F-5010F8677392}.Debug|Any CPU.Build.0 = Debug|Any CPU
		{874D173B-1C66-4CC9-9C6F-5010F8677392}.Release|Any CPU.ActiveCfg = Release|Any CPU
		{874D173B-1C66-4CC9-9C6F-5010F8677392}.Release|Any CPU.Build.0 = Release|Any CPU
		{4DA73503-98F4-47B5-AB17-60B38AE2DA38}.Debug|Any CPU.ActiveCfg = Debug|Any CPU
		{4DA73503-98F4-47B5-AB17-60B38AE2DA38}.Debug|Any CPU.Build.0 = Debug|Any CPU
		{4DA73503-98F4-47B5-AB17-60B38AE2DA38}.Release|Any CPU.ActiveCfg = Release|Any CPU
		{4DA73503-98F4-47B5-AB17-60B38AE2DA38}.Release|Any CPU.Build.0 = Release|Any CPU
		{303F3917-D8A7-4084-8F8D-F58B9B379A99}.Debug|Any CPU.ActiveCfg = Debug|Any CPU
		{303F3917-D8A7-4084-8F8D-F58B9B379A99}.Debug|Any CPU.Build.0 = Debug|Any CPU
		{303F3917-D8A7-4084-8F8D-F58B9B379A99}.Release|Any CPU.ActiveCfg = Release|Any CPU
		{303F3917-D8A7-4084-8F8D-F58B9B379A99}.Release|Any CPU.Build.0 = Release|Any CPU
		{54115562-E72E-4CEC-961B-DA43EE3186BC}.Debug|Any CPU.ActiveCfg = Debug|Any CPU
		{54115562-E72E-4CEC-961B-DA43EE3186BC}.Debug|Any CPU.Build.0 = Debug|Any CPU
		{54115562-E72E-4CEC-961B-DA43EE3186BC}.Release|Any CPU.ActiveCfg = Release|Any CPU
		{54115562-E72E-4CEC-961B-DA43EE3186BC}.Release|Any CPU.Build.0 = Release|Any CPU
		{7AED5A38-51DC-43D6-B460-589F3FA2A999}.Debug|Any CPU.ActiveCfg = Debug|Any CPU
		{7AED5A38-51DC-43D6-B460-589F3FA2A999}.Debug|Any CPU.Build.0 = Debug|Any CPU
		{7AED5A38-51DC-43D6-B460-589F3FA2A999}.Release|Any CPU.ActiveCfg = Release|Any CPU
		{7AED5A38-51DC-43D6-B460-589F3FA2A999}.Release|Any CPU.Build.0 = Release|Any CPU
		{F75923DE-8223-4056-A2FA-E8D8B7DB6C10}.Debug|Any CPU.ActiveCfg = Debug|Any CPU
		{F75923DE-8223-4056-A2FA-E8D8B7DB6C10}.Debug|Any CPU.Build.0 = Debug|Any CPU
		{F75923DE-8223-4056-A2FA-E8D8B7DB6C10}.Release|Any CPU.ActiveCfg = Release|Any CPU
		{F75923DE-8223-4056-A2FA-E8D8B7DB6C10}.Release|Any CPU.Build.0 = Release|Any CPU
		{4E191DAB-AF22-4BA2-B991-F14DA5745814}.Debug|Any CPU.ActiveCfg = Debug|Any CPU
		{4E191DAB-AF22-4BA2-B991-F14DA5745814}.Debug|Any CPU.Build.0 = Debug|Any CPU
		{4E191DAB-AF22-4BA2-B991-F14DA5745814}.Release|Any CPU.ActiveCfg = Release|Any CPU
		{4E191DAB-AF22-4BA2-B991-F14DA5745814}.Release|Any CPU.Build.0 = Release|Any CPU
		{34915602-55F6-4514-8063-BA40B728E9F5}.Debug|Any CPU.ActiveCfg = Debug|Any CPU
		{34915602-55F6-4514-8063-BA40B728E9F5}.Debug|Any CPU.Build.0 = Debug|Any CPU
		{34915602-55F6-4514-8063-BA40B728E9F5}.Release|Any CPU.ActiveCfg = Release|Any CPU
		{34915602-55F6-4514-8063-BA40B728E9F5}.Release|Any CPU.Build.0 = Release|Any CPU
		{6D8B1783-C7C5-4F20-BE0E-10273AC67276}.Debug|Any CPU.ActiveCfg = Debug|Any CPU
		{6D8B1783-C7C5-4F20-BE0E-10273AC67276}.Debug|Any CPU.Build.0 = Debug|Any CPU
		{6D8B1783-C7C5-4F20-BE0E-10273AC67276}.Release|Any CPU.ActiveCfg = Release|Any CPU
		{6D8B1783-C7C5-4F20-BE0E-10273AC67276}.Release|Any CPU.Build.0 = Release|Any CPU
		{A634C08A-6E8F-4332-971F-E5C3FBF8FB36}.Debug|Any CPU.ActiveCfg = Debug|Any CPU
		{A634C08A-6E8F-4332-971F-E5C3FBF8FB36}.Debug|Any CPU.Build.0 = Debug|Any CPU
		{A634C08A-6E8F-4332-971F-E5C3FBF8FB36}.Release|Any CPU.ActiveCfg = Release|Any CPU
		{A634C08A-6E8F-4332-971F-E5C3FBF8FB36}.Release|Any CPU.Build.0 = Release|Any CPU
		{94541CD7-8E8B-42F4-915A-5F240306356F}.Debug|Any CPU.ActiveCfg = Debug|Any CPU
		{94541CD7-8E8B-42F4-915A-5F240306356F}.Debug|Any CPU.Build.0 = Debug|Any CPU
		{94541CD7-8E8B-42F4-915A-5F240306356F}.Release|Any CPU.ActiveCfg = Release|Any CPU
		{94541CD7-8E8B-42F4-915A-5F240306356F}.Release|Any CPU.Build.0 = Release|Any CPU
		{935A12C8-E3F1-463A-AEDD-73022319A600}.Debug|Any CPU.ActiveCfg = Debug|Any CPU
		{935A12C8-E3F1-463A-AEDD-73022319A600}.Debug|Any CPU.Build.0 = Debug|Any CPU
		{935A12C8-E3F1-463A-AEDD-73022319A600}.Release|Any CPU.ActiveCfg = Release|Any CPU
		{935A12C8-E3F1-463A-AEDD-73022319A600}.Release|Any CPU.Build.0 = Release|Any CPU
		{1A1C7A71-2BBC-4303-A9F4-601C36905EC2}.Debug|Any CPU.ActiveCfg = Debug|Any CPU
		{1A1C7A71-2BBC-4303-A9F4-601C36905EC2}.Debug|Any CPU.Build.0 = Debug|Any CPU
		{1A1C7A71-2BBC-4303-A9F4-601C36905EC2}.Release|Any CPU.ActiveCfg = Release|Any CPU
		{1A1C7A71-2BBC-4303-A9F4-601C36905EC2}.Release|Any CPU.Build.0 = Release|Any CPU
	EndGlobalSection
	GlobalSection(SolutionProperties) = preSolution
		HideSolutionNode = FALSE
	EndGlobalSection
	GlobalSection(ExtensibilityGlobals) = postSolution
		SolutionGuid = {CEAA3DE3-54F0-41BB-9DF3-D290D0B69275}
	EndGlobalSection
EndGlobal
