
Microsoft Visual Studio Solution File, Format Version 12.00
# Visual Studio Version 16
VisualStudioVersion = 16.0.32510.428
MinimumVisualStudioVersion = 10.0.40219.1
Project("{FAE04EC0-301F-11D3-BF4B-00C04F79EFBC}") = "The Calculator", "PatternDesignerLab\The Calculator\The Calculator.csproj", "{3C1B028D-B9E8-47DB-B742-C3A24C76798B}"
EndProject
Project("{9A19103F-16F7-4668-BE54-9A1E7A4F7556}") = "The Computer", "PatternDesignerLab\The Computer\The Computer.csproj", "{8AF4B45C-2E49-4380-AAE7-F5B00BDFC4A9}"
EndProject
Project("{FAE04EC0-301F-11D3-BF4B-00C04F79EFBC}") = "LogisticsSystem", "PatternDesignerLab\LogisticsSystem\LogisticsSystem.csproj", "{4CB41FF3-4D16-4644-AEDF-5DE2307F38EA}"
EndProject
Project("{9A19103F-16F7-4668-BE54-9A1E7A4F7556}") = "跨平台视频播放器", "PatternDesignerLab\跨平台视频播放器\跨平台视频播放器.csproj", "{C27ABA1B-EFC6-42FB-8CA0-8C77F6470B20}"
EndProject
Project("{9A19103F-16F7-4668-BE54-9A1E7A4F7556}") = "描述王子", "PatternDesignerLab\描述王子\描述王子.csproj", "{1422BD1F-3106-49C3-9965-FFB0DE97EF18}"
EndProject
Project("{FAE04EC0-301F-11D3-BF4B-00C04F79EFBC}") = "The Web", "PatternDesignerLab\The Web\The Web.csproj", "{87439A16-FD93-494D-A24C-2D2B6F0B4F88}"
EndProject
Project("{9A19103F-16F7-4668-BE54-9A1E7A4F7556}") = "Composite Pattern", "PatternDesignerLab\Composite Pattern\Composite Pattern.csproj", "{874D173B-1C66-4CC9-9C6F-5010F8677392}"
EndProject
Project("{9A19103F-16F7-4668-BE54-9A1E7A4F7556}") = "FlyWeight_Pattern", "PatternDesignerLab\FlyWeight_Pattern\FlyWeight_Pattern.csproj", "{4DA73503-98F4-47B5-AB17-60B38AE2DA38}"
EndProject
Project("{FAE04EC0-301F-11D3-BF4B-00C04F79EFBC}") = "Command_Pattern", "PatternDesignerLab\Command_Pattern\Command_Pattern.csproj", "{3443D5AC-50CE-409D-AA19-2FB1C87E0101}"
EndProject
Global
	GlobalSection(SolutionConfigurationPlatforms) = preSolution
		Debug|Any CPU = Debug|Any CPU
		Release|Any CPU = Release|Any CPU
	EndGlobalSection
	GlobalSection(ProjectConfigurationPlatforms) = postSolution
		{3C1B028D-B9E8-47DB-B742-C3A24C76798B}.Debug|Any CPU.ActiveCfg = Debug|Any CPU
		{3C1B028D-B9E8-47DB-B742-C3A24C76798B}.Debug|Any CPU.Build.0 = Debug|Any CPU
		{3C1B028D-B9E8-47DB-B742-C3A24C76798B}.Release|Any CPU.ActiveCfg = Release|Any CPU
		{3C1B028D-B9E8-47DB-B742-C3A24C76798B}.Release|Any CPU.Build.0 = Release|Any CPU
		{8AF4B45C-2E49-4380-AAE7-F5B00BDFC4A9}.Debug|Any CPU.ActiveCfg = Debug|Any CPU
		{8AF4B45C-2E49-4380-AAE7-F5B00BDFC4A9}.Debug|Any CPU.Build.0 = Debug|Any CPU
		{8AF4B45C-2E49-4380-AAE7-F5B00BDFC4A9}.Release|Any CPU.ActiveCfg = Release|Any CPU
		{8AF4B45C-2E49-4380-AAE7-F5B00BDFC4A9}.Release|Any CPU.Build.0 = Release|Any CPU
		{4CB41FF3-4D16-4644-AEDF-5DE2307F38EA}.Debug|Any CPU.ActiveCfg = Debug|Any CPU
		{4CB41FF3-4D16-4644-AEDF-5DE2307F38EA}.Debug|Any CPU.Build.0 = Debug|Any CPU
		{4CB41FF3-4D16-4644-AEDF-5DE2307F38EA}.Release|Any CPU.ActiveCfg = Release|Any CPU
		{4CB41FF3-4D16-4644-AEDF-5DE2307F38EA}.Release|Any CPU.Build.0 = Release|Any CPU
		{C27ABA1B-EFC6-42FB-8CA0-8C77F6470B20}.Debug|Any CPU.ActiveCfg = Debug|Any CPU
		{C27ABA1B-EFC6-42FB-8CA0-8C77F6470B20}.Debug|Any CPU.Build.0 = Debug|Any CPU
		{C27ABA1B-EFC6-42FB-8CA0-8C77F6470B20}.Release|Any CPU.ActiveCfg = Release|Any CPU
		{C27ABA1B-EFC6-42FB-8CA0-8C77F6470B20}.Release|Any CPU.Build.0 = Release|Any CPU
		{1422BD1F-3106-49C3-9965-FFB0DE97EF18}.Debug|Any CPU.ActiveCfg = Debug|Any CPU
		{1422BD1F-3106-49C3-9965-FFB0DE97EF18}.Debug|Any CPU.Build.0 = Debug|Any CPU
		{1422BD1F-3106-49C3-9965-FFB0DE97EF18}.Release|Any CPU.ActiveCfg = Release|Any CPU
		{1422BD1F-3106-49C3-9965-FFB0DE97EF18}.Release|Any CPU.Build.0 = Release|Any CPU
		{87439A16-FD93-494D-A24C-2D2B6F0B4F88}.Debug|Any CPU.ActiveCfg = Debug|Any CPU
		{87439A16-FD93-494D-A24C-2D2B6F0B4F88}.Debug|Any CPU.Build.0 = Debug|Any CPU
		{87439A16-FD93-494D-A24C-2D2B6F0B4F88}.Release|Any CPU.ActiveCfg = Release|Any CPU
		{87439A16-FD93-494D-A24C-2D2B6F0B4F88}.Release|Any CPU.Build.0 = Release|Any CPU
		{874D173B-1C66-4CC9-9C6F-5010F8677392}.Debug|Any CPU.ActiveCfg = Debug|Any CPU
		{874D173B-1C66-4CC9-9C6F-5010F8677392}.Debug|Any CPU.Build.0 = Debug|Any CPU
		{874D173B-1C66-4CC9-9C6F-5010F8677392}.Release|Any CPU.ActiveCfg = Release|Any CPU
		{874D173B-1C66-4CC9-9C6F-5010F8677392}.Release|Any CPU.Build.0 = Release|Any CPU
		{4DA73503-98F4-47B5-AB17-60B38AE2DA38}.Debug|Any CPU.ActiveCfg = Debug|Any CPU
		{4DA73503-98F4-47B5-AB17-60B38AE2DA38}.Debug|Any CPU.Build.0 = Debug|Any CPU
		{4DA73503-98F4-47B5-AB17-60B38AE2DA38}.Release|Any CPU.ActiveCfg = Release|Any CPU
		{4DA73503-98F4-47B5-AB17-60B38AE2DA38}.Release|Any CPU.Build.0 = Release|Any CPU
		{3443D5AC-50CE-409D-AA19-2FB1C87E0101}.Debug|Any CPU.ActiveCfg = Debug|Any CPU
		{3443D5AC-50CE-409D-AA19-2FB1C87E0101}.Debug|Any CPU.Build.0 = Debug|Any CPU
		{3443D5AC-50CE-409D-AA19-2FB1C87E0101}.Release|Any CPU.ActiveCfg = Release|Any CPU
		{3443D5AC-50CE-409D-AA19-2FB1C87E0101}.Release|Any CPU.Build.0 = Release|Any CPU
	EndGlobalSection
	GlobalSection(SolutionProperties) = preSolution
		HideSolutionNode = FALSE
	EndGlobalSection
	GlobalSection(ExtensibilityGlobals) = postSolution
		SolutionGuid = {CEAA3DE3-54F0-41BB-9DF3-D290D0B69275}
	EndGlobalSection
EndGlobal
